
Microsoft Visual Studio Solution File, Format Version 12.00
# Visual Studio Version 17
VisualStudioVersion = 17.5.2.0
MinimumVisualStudioVersion = 10.0.40219.1
Project("{2150E333-8FDC-42A3-9474-1A3956D46DE8}") = "src", "src", "{827E0CD3-B72D-47B6-A68D-7590B98EB39B}"
EndProject
Project("{FAE04EC0-301F-11D3-BF4B-00C04F79EFBC}") = "NexusITSM", "src\NexusITSM\NexusITSM.csproj", "{FF5E2F30-A883-6658-685F-87C0A7B12C55}"
EndProject
Project("{2150E333-8FDC-42A3-9474-1A3956D46DE8}") = "tests", "tests", "{0AB3BF05-4346-4AA6-1389-037BE0695223}"
EndProject
Project("{FAE04EC0-301F-11D3-BF4B-00C04F79EFBC}") = "NexusITSM.Tests", "tests\NexusITSM.Tests\NexusITSM.Tests.csproj", "{2D79EBEB-2A25-40A8-8B98-B86E24A4B31D}"
EndProject
Global
	GlobalSection(SolutionConfigurationPlatforms) = preSolution
		Debug|Any CPU = Debug|Any CPU
		Debug|x64 = Debug|x64
		Debug|x86 = Debug|x86
		Release|Any CPU = Release|Any CPU
		Release|x64 = Release|x64
		Release|x86 = Release|x86
	EndGlobalSection
	GlobalSection(ProjectConfigurationPlatforms) = postSolution
		{FF5E2F30-A883-6658-685F-87C0A7B12C55}.Debug|Any CPU.ActiveCfg = Debug|Any CPU
		{FF5E2F30-A883-6658-685F-87C0A7B12C55}.Debug|Any CPU.Build.0 = Debug|Any CPU
		{FF5E2F30-A883-6658-685F-87C0A7B12C55}.Debug|x64.ActiveCfg = Debug|Any CPU
		{FF5E2F30-A883-6658-685F-87C0A7B12C55}.Debug|x64.Build.0 = Debug|Any CPU
		{FF5E2F30-A883-6658-685F-87C0A7B12C55}.Debug|x86.ActiveCfg = Debug|Any CPU
		{FF5E2F30-A883-6658-685F-87C0A7B12C55}.Debug|x86.Build.0 = Debug|Any CPU
		{FF5E2F30-A883-6658-685F-87C0A7B12C55}.Release|Any CPU.ActiveCfg = Release|Any CPU
		{FF5E2F30-A883-6658-685F-87C0A7B12C55}.Release|Any CPU.Build.0 = Release|Any CPU
		{FF5E2F30-A883-6658-685F-87C0A7B12C55}.Release|x64.ActiveCfg = Release|Any CPU
		{FF5E2F30-A883-6658-685F-87C0A7B12C55}.Release|x64.Build.0 = Release|Any CPU
		{FF5E2F30-A883-6658-685F-87C0A7B12C55}.Release|x86.ActiveCfg = Release|Any CPU
		{FF5E2F30-A883-6658-685F-87C0A7B12C55}.Release|x86.Build.0 = Release|Any CPU
		{2D79EBEB-2A25-40A8-8B98-B86E24A4B31D}.Debug|Any CPU.ActiveCfg = Debug|Any CPU
		{2D79EBEB-2A25-40A8-8B98-B86E24A4B31D}.Debug|Any CPU.Build.0 = Debug|Any CPU
		{2D79EBEB-2A25-40A8-8B98-B86E24A4B31D}.Debug|x64.ActiveCfg = Debug|Any CPU
		{2D79EBEB-2A25-40A8-8B98-B86E24A4B31D}.Debug|x64.Build.0 = Debug|Any CPU
		{2D79EBEB-2A25-40A8-8B98-B86E24A4B31D}.Debug|x86.ActiveCfg = Debug|Any CPU
		{2D79EBEB-2A25-40A8-8B98-B86E24A4B31D}.Debug|x86.Build.0 = Debug|Any CPU
		{2D79EBEB-2A25-40A8-8B98-B86E24A4B31D}.Release|Any CPU.ActiveCfg = Release|Any CPU
		{2D79EBEB-2A25-40A8-8B98-B86E24A4B31D}.Release|Any CPU.Build.0 = Release|Any CPU
		{2D79EBEB-2A25-40A8-8B98-B86E24A4B31D}.Release|x64.ActiveCfg = Release|Any CPU
		{2D79EBEB-2A25-40A8-8B98-B86E24A4B31D}.Release|x64.Build.0 = Release|Any CPU
		{2D79EBEB-2A25-40A8-8B98-B86E24A4B31D}.Release|x86.ActiveCfg = Release|Any CPU
		{2D79EBEB-2A25-40A8-8B98-B86E24A4B31D}.Release|x86.Build.0 = Release|Any CPU
	EndGlobalSection
	GlobalSection(SolutionProperties) = preSolution
		HideSolutionNode = FALSE
	EndGlobalSection
	GlobalSection(NestedProjects) = preSolution
		{FF5E2F30-A883-6658-685F-87C0A7B12C55} = {827E0CD3-B72D-47B6-A68D-7590B98EB39B}
		{2D79EBEB-2A25-40A8-8B98-B86E24A4B31D} = {0AB3BF05-4346-4AA6-1389-037BE0695223}
	EndGlobalSection
	GlobalSection(ExtensibilityGlobals) = postSolution
		SolutionGuid = {3D0AED1D-3FC4-4A1B-92A1-F582E1619CD5}
	EndGlobalSection
EndGlobal
